
Microsoft Visual Studio Solution File, Format Version 12.00
# Visual Studio 15
VisualStudioVersion = 15.0.27130.2020
MinimumVisualStudioVersion = 10.0.40219.1
Project("{9A19103F-16F7-4668-BE54-9A1E7A4F7556}") = "SuitSupply.Api", "SuitSupply.Api\SuitSupply.Api.csproj", "{607B4DF0-D3FF-4B67-94F0-B2876C01E9FC}"
EndProject
Project("{FAE04EC0-301F-11D3-BF4B-00C04F79EFBC}") = "SuitSupply.Api.UnitTests", "SuitSupply.Api.UnitTests\SuitSupply.Api.UnitTests.csproj", "{8B2DB3A1-FE00-4040-A93A-98CF3D0C789D}"
EndProject
Project("{151D2E53-A2C4-4D7D-83FE-D05416EBD58E}") = "SuitSupplyResourceGroup", "SuitSupplyResourceGroup\SuitSupplyResourceGroup.deployproj", "{BBDA2276-DDBF-4C35-8ED8-FE71C3FC0DBA}"
EndProject
Global
	GlobalSection(SolutionConfigurationPlatforms) = preSolution
		Debug|Any CPU = Debug|Any CPU
		Release|Any CPU = Release|Any CPU
	EndGlobalSection
	GlobalSection(ProjectConfigurationPlatforms) = postSolution
		{607B4DF0-D3FF-4B67-94F0-B2876C01E9FC}.Debug|Any CPU.ActiveCfg = Debug|Any CPU
		{607B4DF0-D3FF-4B67-94F0-B2876C01E9FC}.Debug|Any CPU.Build.0 = Debug|Any CPU
		{607B4DF0-D3FF-4B67-94F0-B2876C01E9FC}.Release|Any CPU.ActiveCfg = Release|Any CPU
		{607B4DF0-D3FF-4B67-94F0-B2876C01E9FC}.Release|Any CPU.Build.0 = Release|Any CPU
		{8B2DB3A1-FE00-4040-A93A-98CF3D0C789D}.Debug|Any CPU.ActiveCfg = Debug|Any CPU
		{8B2DB3A1-FE00-4040-A93A-98CF3D0C789D}.Debug|Any CPU.Build.0 = Debug|Any CPU
		{8B2DB3A1-FE00-4040-A93A-98CF3D0C789D}.Release|Any CPU.ActiveCfg = Release|Any CPU
		{8B2DB3A1-FE00-4040-A93A-98CF3D0C789D}.Release|Any CPU.Build.0 = Release|Any CPU
		{BBDA2276-DDBF-4C35-8ED8-FE71C3FC0DBA}.Debug|Any CPU.ActiveCfg = Debug|Any CPU
		{BBDA2276-DDBF-4C35-8ED8-FE71C3FC0DBA}.Debug|Any CPU.Build.0 = Debug|Any CPU
		{BBDA2276-DDBF-4C35-8ED8-FE71C3FC0DBA}.Release|Any CPU.ActiveCfg = Release|Any CPU
		{BBDA2276-DDBF-4C35-8ED8-FE71C3FC0DBA}.Release|Any CPU.Build.0 = Release|Any CPU
	EndGlobalSection
	GlobalSection(SolutionProperties) = preSolution
		HideSolutionNode = FALSE
	EndGlobalSection
	GlobalSection(ExtensibilityGlobals) = postSolution
		SolutionGuid = {C50CC43D-2279-464C-B37C-3C733E470E28}
	EndGlobalSection
EndGlobal
